// !$*UTF8*$!
{
	archiveVersion = 1;
	classes = {
	};
	objectVersion = 50;
	objects = {

/* Begin PBXBuildFile section */
		8D79DE4926C234FA000C523D /* main.swift in Sources */ = {isa = PBXBuildFile; fileRef = 8D79DE4826C234FA000C523D /* main.swift */; };
		8D79DE5026C23524000C523D /* Wave.swift in Sources */ = {isa = PBXBuildFile; fileRef = 8D79DE4F26C23524000C523D /* Wave.swift */; };
		8D79DE5226C23538000C523D /* MonoPulseCodeModulation.swift in Sources */ = {isa = PBXBuildFile; fileRef = 8D79DE5126C23538000C523D /* MonoPulseCodeModulation.swift */; };
		8D79DE5426C2354F000C523D /* Write.swift in Sources */ = {isa = PBXBuildFile; fileRef = 8D79DE5326C2354F000C523D /* Write.swift */; };
		8D79DE5C26C2D925000C523D /* Ex2_1.swift in Sources */ = {isa = PBXBuildFile; fileRef = 8D79DE5B26C2D925000C523D /* Ex2_1.swift */; };
		8D79DE5E26C430FE000C523D /* EX1_1.swift in Sources */ = {isa = PBXBuildFile; fileRef = 8D79DE5D26C430FE000C523D /* EX1_1.swift */; };
		8D79DE6026C4311F000C523D /* Read.swift in Sources */ = {isa = PBXBuildFile; fileRef = 8D79DE5F26C4311F000C523D /* Read.swift */; };
		8D79DE6226C43216000C523D /* Ex1_2.swift in Sources */ = {isa = PBXBuildFile; fileRef = 8D79DE6126C43216000C523D /* Ex1_2.swift */; };
		8D79DE6426C4AA2D000C523D /* Ex2_2.swift in Sources */ = {isa = PBXBuildFile; fileRef = 8D79DE6326C4AA2D000C523D /* Ex2_2.swift */; };
		8D79DE6626C65759000C523D /* Ex2_3.swift in Sources */ = {isa = PBXBuildFile; fileRef = 8D79DE6526C65759000C523D /* Ex2_3.swift */; };
		8DDD14E826D55218007A6D1F /* Ex2_4.swift in Sources */ = {isa = PBXBuildFile; fileRef = 8DDD14E726D55218007A6D1F /* Ex2_4.swift */; };
/* End PBXBuildFile section */

/* Begin PBXCopyFilesBuildPhase section */
		8D79DE4326C234FA000C523D /* CopyFiles */ = {
			isa = PBXCopyFilesBuildPhase;
			buildActionMask = 2147483647;
			dstPath = /usr/share/man/man1/;
			dstSubfolderSpec = 0;
			files = (
			);
			runOnlyForDeploymentPostprocessing = 1;
		};
/* End PBXCopyFilesBuildPhase section */

/* Begin PBXFileReference section */
		8D79DE4526C234FA000C523D /* sound-programming */ = {isa = PBXFileReference; explicitFileType = "compiled.mach-o.executable"; includeInIndex = 0; path = "sound-programming"; sourceTree = BUILT_PRODUCTS_DIR; };
		8D79DE4826C234FA000C523D /* main.swift */ = {isa = PBXFileReference; lastKnownFileType = sourcecode.swift; path = main.swift; sourceTree = "<group>"; };
		8D79DE4F26C23524000C523D /* Wave.swift */ = {isa = PBXFileReference; lastKnownFileType = sourcecode.swift; path = Wave.swift; sourceTree = "<group>"; };
		8D79DE5126C23538000C523D /* MonoPulseCodeModulation.swift */ = {isa = PBXFileReference; lastKnownFileType = sourcecode.swift; path = MonoPulseCodeModulation.swift; sourceTree = "<group>"; };
		8D79DE5326C2354F000C523D /* Write.swift */ = {isa = PBXFileReference; lastKnownFileType = sourcecode.swift; path = Write.swift; sourceTree = "<group>"; };
		8D79DE5B26C2D925000C523D /* Ex2_1.swift */ = {isa = PBXFileReference; lastKnownFileType = sourcecode.swift; path = Ex2_1.swift; sourceTree = "<group>"; };
		8D79DE5D26C430FE000C523D /* EX1_1.swift */ = {isa = PBXFileReference; lastKnownFileType = sourcecode.swift; path = EX1_1.swift; sourceTree = "<group>"; };
		8D79DE5F26C4311F000C523D /* Read.swift */ = {isa = PBXFileReference; lastKnownFileType = sourcecode.swift; path = Read.swift; sourceTree = "<group>"; };
		8D79DE6126C43216000C523D /* Ex1_2.swift */ = {isa = PBXFileReference; lastKnownFileType = sourcecode.swift; path = Ex1_2.swift; sourceTree = "<group>"; };
		8D79DE6326C4AA2D000C523D /* Ex2_2.swift */ = {isa = PBXFileReference; lastKnownFileType = sourcecode.swift; path = Ex2_2.swift; sourceTree = "<group>"; };
		8D79DE6526C65759000C523D /* Ex2_3.swift */ = {isa = PBXFileReference; lastKnownFileType = sourcecode.swift; path = Ex2_3.swift; sourceTree = "<group>"; };
		8DDD14E726D55218007A6D1F /* Ex2_4.swift */ = {isa = PBXFileReference; lastKnownFileType = sourcecode.swift; path = Ex2_4.swift; sourceTree = "<group>"; };
/* End PBXFileReference section */

/* Begin PBXFrameworksBuildPhase section */
		8D79DE4226C234FA000C523D /* Frameworks */ = {
			isa = PBXFrameworksBuildPhase;
			buildActionMask = 2147483647;
			files = (
			);
			runOnlyForDeploymentPostprocessing = 0;
		};
/* End PBXFrameworksBuildPhase section */

/* Begin PBXGroup section */
		8D79DE3C26C234FA000C523D = {
			isa = PBXGroup;
			children = (
				8D79DE4726C234FA000C523D /* sound-programming */,
				8D79DE4626C234FA000C523D /* Products */,
			);
			sourceTree = "<group>";
		};
		8D79DE4626C234FA000C523D /* Products */ = {
			isa = PBXGroup;
			children = (
				8D79DE4526C234FA000C523D /* sound-programming */,
			);
			name = Products;
			sourceTree = "<group>";
		};
		8D79DE4726C234FA000C523D /* sound-programming */ = {
			isa = PBXGroup;
			children = (
				8D79DE4826C234FA000C523D /* main.swift */,
				8D79DE4F26C23524000C523D /* Wave.swift */,
				8D79DE5126C23538000C523D /* MonoPulseCodeModulation.swift */,
				8D79DE5326C2354F000C523D /* Write.swift */,
				8D79DE5F26C4311F000C523D /* Read.swift */,
				8D79DE5D26C430FE000C523D /* EX1_1.swift */,
				8D79DE6126C43216000C523D /* Ex1_2.swift */,
				8D79DE5B26C2D925000C523D /* Ex2_1.swift */,
				8D79DE6326C4AA2D000C523D /* Ex2_2.swift */,
				8D79DE6526C65759000C523D /* Ex2_3.swift */,
				8DDD14E726D55218007A6D1F /* Ex2_4.swift */,
			);
			path = "sound-programming";
			sourceTree = "<group>";
		};
/* End PBXGroup section */

/* Begin PBXNativeTarget section */
		8D79DE4426C234FA000C523D /* sound-programming */ = {
			isa = PBXNativeTarget;
			buildConfigurationList = 8D79DE4C26C234FA000C523D /* Build configuration list for PBXNativeTarget "sound-programming" */;
			buildPhases = (
				8D79DE4126C234FA000C523D /* Sources */,
				8D79DE4226C234FA000C523D /* Frameworks */,
				8D79DE4326C234FA000C523D /* CopyFiles */,
			);
			buildRules = (
			);
			dependencies = (
			);
			name = "sound-programming";
			productName = "sound-programming";
			productReference = 8D79DE4526C234FA000C523D /* sound-programming */;
			productType = "com.apple.product-type.tool";
		};
/* End PBXNativeTarget section */

/* Begin PBXProject section */
		8D79DE3D26C234FA000C523D /* Project object */ = {
			isa = PBXProject;
			attributes = {
				LastSwiftUpdateCheck = 1250;
				LastUpgradeCheck = 1250;
				TargetAttributes = {
					8D79DE4426C234FA000C523D = {
						CreatedOnToolsVersion = 12.5.1;
					};
				};
			};
			buildConfigurationList = 8D79DE4026C234FA000C523D /* Build configuration list for PBXProject "sound-programming" */;
			compatibilityVersion = "Xcode 9.3";
			developmentRegion = en;
			hasScannedForEncodings = 0;
			knownRegions = (
				en,
				Base,
			);
			mainGroup = 8D79DE3C26C234FA000C523D;
			productRefGroup = 8D79DE4626C234FA000C523D /* Products */;
			projectDirPath = "";
			projectRoot = "";
			targets = (
				8D79DE4426C234FA000C523D /* sound-programming */,
			);
		};
/* End PBXProject section */

/* Begin PBXSourcesBuildPhase section */
		8D79DE4126C234FA000C523D /* Sources */ = {
			isa = PBXSourcesBuildPhase;
			buildActionMask = 2147483647;
			files = (
				8D79DE5E26C430FE000C523D /* EX1_1.swift in Sources */,
				8D79DE6026C4311F000C523D /* Read.swift in Sources */,
				8D79DE5026C23524000C523D /* Wave.swift in Sources */,
				8D79DE5C26C2D925000C523D /* Ex2_1.swift in Sources */,
				8D79DE5426C2354F000C523D /* Write.swift in Sources */,
				8DDD14E826D55218007A6D1F /* Ex2_4.swift in Sources */,
				8D79DE6426C4AA2D000C523D /* Ex2_2.swift in Sources */,
				8D79DE6226C43216000C523D /* Ex1_2.swift in Sources */,
				8D79DE5226C23538000C523D /* MonoPulseCodeModulation.swift in Sources */,
				8D79DE4926C234FA000C523D /* main.swift in Sources */,
				8D79DE6626C65759000C523D /* Ex2_3.swift in Sources */,
			);
			runOnlyForDeploymentPostprocessing = 0;
		};
/* End PBXSourcesBuildPhase section */

/* Begin XCBuildConfiguration section */
		8D79DE4A26C234FA000C523D /* Debug */ = {
			isa = XCBuildConfiguration;
			buildSettings = {
				ALWAYS_SEARCH_USER_PATHS = NO;
				CLANG_ANALYZER_NONNULL = YES;
				CLANG_ANALYZER_NUMBER_OBJECT_CONVERSION = YES_AGGRESSIVE;
				CLANG_CXX_LANGUAGE_STANDARD = "gnu++14";
				CLANG_CXX_LIBRARY = "libc++";
				CLANG_ENABLE_MODULES = YES;
				CLANG_ENABLE_OBJC_ARC = YES;
				CLANG_ENABLE_OBJC_WEAK = YES;
				CLANG_WARN_BLOCK_CAPTURE_AUTORELEASING = YES;
				CLANG_WARN_BOOL_CONVERSION = YES;
				CLANG_WARN_COMMA = YES;
				CLANG_WARN_CONSTANT_CONVERSION = YES;
				CLANG_WARN_DEPRECATED_OBJC_IMPLEMENTATIONS = YES;
				CLANG_WARN_DIRECT_OBJC_ISA_USAGE = YES_ERROR;
				CLANG_WARN_DOCUMENTATION_COMMENTS = YES;
				CLANG_WARN_EMPTY_BODY = YES;
				CLANG_WARN_ENUM_CONVERSION = YES;
				CLANG_WARN_INFINITE_RECURSION = YES;
				CLANG_WARN_INT_CONVERSION = YES;
				CLANG_WARN_NON_LITERAL_NULL_CONVERSION = YES;
				CLANG_WARN_OBJC_IMPLICIT_RETAIN_SELF = YES;
				CLANG_WARN_OBJC_LITERAL_CONVERSION = YES;
				CLANG_WARN_OBJC_ROOT_CLASS = YES_ERROR;
				CLANG_WARN_QUOTED_INCLUDE_IN_FRAMEWORK_HEADER = YES;
				CLANG_WARN_RANGE_LOOP_ANALYSIS = YES;
				CLANG_WARN_STRICT_PROTOTYPES = YES;
				CLANG_WARN_SUSPICIOUS_MOVE = YES;
				CLANG_WARN_UNGUARDED_AVAILABILITY = YES_AGGRESSIVE;
				CLANG_WARN_UNREACHABLE_CODE = YES;
				CLANG_WARN__DUPLICATE_METHOD_MATCH = YES;
				COPY_PHASE_STRIP = NO;
				DEBUG_INFORMATION_FORMAT = dwarf;
				ENABLE_STRICT_OBJC_MSGSEND = YES;
				ENABLE_TESTABILITY = YES;
				GCC_C_LANGUAGE_STANDARD = gnu11;
				GCC_DYNAMIC_NO_PIC = NO;
				GCC_NO_COMMON_BLOCKS = YES;
				GCC_OPTIMIZATION_LEVEL = 0;
				GCC_PREPROCESSOR_DEFINITIONS = (
					"DEBUG=1",
					"$(inherited)",
				);
				GCC_WARN_64_TO_32_BIT_CONVERSION = YES;
				GCC_WARN_ABOUT_RETURN_TYPE = YES_ERROR;
				GCC_WARN_UNDECLARED_SELECTOR = YES;
				GCC_WARN_UNINITIALIZED_AUTOS = YES_AGGRESSIVE;
				GCC_WARN_UNUSED_FUNCTION = YES;
				GCC_WARN_UNUSED_VARIABLE = YES;
				MACOSX_DEPLOYMENT_TARGET = 11.3;
				MTL_ENABLE_DEBUG_INFO = INCLUDE_SOURCE;
				MTL_FAST_MATH = YES;
				ONLY_ACTIVE_ARCH = YES;
				SDKROOT = macosx;
				SWIFT_ACTIVE_COMPILATION_CONDITIONS = DEBUG;
				SWIFT_OPTIMIZATION_LEVEL = "-Onone";
			};
			name = Debug;
		};
		8D79DE4B26C234FA000C523D /* Release */ = {
			isa = XCBuildConfiguration;
			buildSettings = {
				ALWAYS_SEARCH_USER_PATHS = NO;
				CLANG_ANALYZER_NONNULL = YES;
				CLANG_ANALYZER_NUMBER_OBJECT_CONVERSION = YES_AGGRESSIVE;
				CLANG_CXX_LANGUAGE_STANDARD = "gnu++14";
				CLANG_CXX_LIBRARY = "libc++";
				CLANG_ENABLE_MODULES = YES;
				CLANG_ENABLE_OBJC_ARC = YES;
				CLANG_ENABLE_OBJC_WEAK = YES;
				CLANG_WARN_BLOCK_CAPTURE_AUTORELEASING = YES;
				CLANG_WARN_BOOL_CONVERSION = YES;
				CLANG_WARN_COMMA = YES;
				CLANG_WARN_CONSTANT_CONVERSION = YES;
				CLANG_WARN_DEPRECATED_OBJC_IMPLEMENTATIONS = YES;
				CLANG_WARN_DIRECT_OBJC_ISA_USAGE = YES_ERROR;
				CLANG_WARN_DOCUMENTATION_COMMENTS = YES;
				CLANG_WARN_EMPTY_BODY = YES;
				CLANG_WARN_ENUM_CONVERSION = YES;
				CLANG_WARN_INFINITE_RECURSION = YES;
				CLANG_WARN_INT_CONVERSION = YES;
				CLANG_WARN_NON_LITERAL_NULL_CONVERSION = YES;
				CLANG_WARN_OBJC_IMPLICIT_RETAIN_SELF = YES;
				CLANG_WARN_OBJC_LITERAL_CONVERSION = YES;
				CLANG_WARN_OBJC_ROOT_CLASS = YES_ERROR;
				CLANG_WARN_QUOTED_INCLUDE_IN_FRAMEWORK_HEADER = YES;
				CLANG_WARN_RANGE_LOOP_ANALYSIS = YES;
				CLANG_WARN_STRICT_PROTOTYPES = YES;
				CLANG_WARN_SUSPICIOUS_MOVE = YES;
				CLANG_WARN_UNGUARDED_AVAILABILITY = YES_AGGRESSIVE;
				CLANG_WARN_UNREACHABLE_CODE = YES;
				CLANG_WARN__DUPLICATE_METHOD_MATCH = YES;
				COPY_PHASE_STRIP = NO;
				DEBUG_INFORMATION_FORMAT = "dwarf-with-dsym";
				ENABLE_NS_ASSERTIONS = NO;
				ENABLE_STRICT_OBJC_MSGSEND = YES;
				GCC_C_LANGUAGE_STANDARD = gnu11;
				GCC_NO_COMMON_BLOCKS = YES;
				GCC_WARN_64_TO_32_BIT_CONVERSION = YES;
				GCC_WARN_ABOUT_RETURN_TYPE = YES_ERROR;
				GCC_WARN_UNDECLARED_SELECTOR = YES;
				GCC_WARN_UNINITIALIZED_AUTOS = YES_AGGRESSIVE;
				GCC_WARN_UNUSED_FUNCTION = YES;
				GCC_WARN_UNUSED_VARIABLE = YES;
				MACOSX_DEPLOYMENT_TARGET = 11.3;
				MTL_ENABLE_DEBUG_INFO = NO;
				MTL_FAST_MATH = YES;
				SDKROOT = macosx;
				SWIFT_COMPILATION_MODE = wholemodule;
				SWIFT_OPTIMIZATION_LEVEL = "-O";
			};
			name = Release;
		};
		8D79DE4D26C234FA000C523D /* Debug */ = {
			isa = XCBuildConfiguration;
			buildSettings = {
				CODE_SIGN_STYLE = Automatic;
				PRODUCT_NAME = "$(TARGET_NAME)";
				SWIFT_VERSION = 5.0;
			};
			name = Debug;
		};
		8D79DE4E26C234FA000C523D /* Release */ = {
			isa = XCBuildConfiguration;
			buildSettings = {
				CODE_SIGN_STYLE = Automatic;
				PRODUCT_NAME = "$(TARGET_NAME)";
				SWIFT_VERSION = 5.0;
			};
			name = Release;
		};
/* End XCBuildConfiguration section */

/* Begin XCConfigurationList section */
		8D79DE4026C234FA000C523D /* Build configuration list for PBXProject "sound-programming" */ = {
			isa = XCConfigurationList;
			buildConfigurations = (
				8D79DE4A26C234FA000C523D /* Debug */,
				8D79DE4B26C234FA000C523D /* Release */,
			);
			defaultConfigurationIsVisible = 0;
			defaultConfigurationName = Release;
		};
		8D79DE4C26C234FA000C523D /* Build configuration list for PBXNativeTarget "sound-programming" */ = {
			isa = XCConfigurationList;
			buildConfigurations = (
				8D79DE4D26C234FA000C523D /* Debug */,
				8D79DE4E26C234FA000C523D /* Release */,
			);
			defaultConfigurationIsVisible = 0;
			defaultConfigurationName = Release;
		};
/* End XCConfigurationList section */
	};
	rootObject = 8D79DE3D26C234FA000C523D /* Project object */;
}
